<Solution>
  <Folder Name="/src/">
    <Project Path="src/PicoERP.Application/PicoERP.Application.csproj" />
    <Project Path="src/PicoERP.Domain/PicoERP.Domain.csproj" />
    <Project Path="src/PicoERP.Infrastructure/PicoERP.Infrastructure.csproj" />
    <Project Path="src/PicoERP.Web/PicoERP.Web.csproj" />
  </Folder>
</Solution>
